{
  "name": "rrsalian16",
  "version": "1.0.0",
  "lockfileVersion": 2,
  "requires": true,
  "packages": {
    "": {
      "name": "rrsalian16",
      "version": "1.0.0",
      "license": "ISC",
      "dependencies": {
        "rrsalian16": "^1.0.0"
      }
    },
    "node_modules/rrsalian16": {
      "version": "1.0.0",
      "resolved": "https://registry.npmjs.org/rrsalian16/-/rrsalian16-1.0.0.tgz",
      "integrity": "sha512-1y6p//U8r81QIlB1DpSEiDPMEGIOVQ37oaj3atFs2EWRt3txIc/krJ4T5gjqFzj8QhM0eJgZHTrLn/HLC48VUA=="
    }
  },
  "dependencies": {
    "rrsalian16": {
      "version": "1.0.0",
      "resolved": "https://registry.npmjs.org/rrsalian16/-/rrsalian16-1.0.0.tgz",
      "integrity": "sha512-1y6p//U8r81QIlB1DpSEiDPMEGIOVQ37oaj3atFs2EWRt3txIc/krJ4T5gjqFzj8QhM0eJgZHTrLn/HLC48VUA=="
    }
  }
}
